
Microsoft Visual Studio Solution File, Format Version 12.00
# Visual Studio Version 18
VisualStudioVersion = 18.3.11520.95 d18.3
MinimumVisualStudioVersion = 10.0.40219.1
Project("{FAE04EC0-301F-11D3-BF4B-00C04F79EFBC}") = "SDM.Linq", "SDM.Linq\SDM.Linq.csproj", "{93483482-BC27-36CB-B504-485A59018D23}"
EndProject
Project("{FAE04EC0-301F-11D3-BF4B-00C04F79EFBC}") = "SDM.LinqTests", "SDM.LinqTests\SDM.LinqTests.csproj", "{1655053C-0541-8AD6-0FD2-69A7B3AB4EF2}"
EndProject
Project("{2150E333-8FDC-42A3-9474-1A3956D46DE8}") = "Solution Items", "Solution Items", "{02EA681E-C7D8-13C7-8484-4AC65E1B71E8}"
	ProjectSection(SolutionItems) = preProject
		.editorconfig = .editorconfig
		.gitignore = .gitignore
		allowed_words.dic = allowed_words.dic
		CONTRIBUTING.md = CONTRIBUTING.md
		Directory.Build.props = Directory.Build.props
		README.md = README.md
	EndProjectSection
EndProject
Project("{2150E333-8FDC-42A3-9474-1A3956D46DE8}") = ".github", ".github", "{69812D90-455D-452F-BC31-51ACA8628913}"
	ProjectSection(SolutionItems) = preProject
		.github\CODEOWNERS = .github\CODEOWNERS
		.github\dependabot.yml = .github\dependabot.yml
		.github\PULL_REQUEST_TEMPLATE.md = .github\PULL_REQUEST_TEMPLATE.md
	EndProjectSection
EndProject
Project("{2150E333-8FDC-42A3-9474-1A3956D46DE8}") = "workflows", "workflows", "{6A29F7AD-26F0-441D-B379-D42079F35340}"
	ProjectSection(SolutionItems) = preProject
		.github\workflows\DataMiner CICD Internal Nuget Solution.yml = .github\workflows\DataMiner CICD Internal Nuget Solution.yml
	EndProjectSection
EndProject
Project("{2150E333-8FDC-42A3-9474-1A3956D46DE8}") = "ISSUE_TEMPLATE", "ISSUE_TEMPLATE", "{2DC241D2-5271-4DA3-AEC7-074ED52CD37A}"
	ProjectSection(SolutionItems) = preProject
		.github\ISSUE_TEMPLATE\bug_report.md = .github\ISSUE_TEMPLATE\bug_report.md
		.github\ISSUE_TEMPLATE\feature_request.md = .github\ISSUE_TEMPLATE\feature_request.md
	EndProjectSection
EndProject
Global
	GlobalSection(SolutionConfigurationPlatforms) = preSolution
		Debug|Any CPU = Debug|Any CPU
		Release|Any CPU = Release|Any CPU
	EndGlobalSection
	GlobalSection(ProjectConfigurationPlatforms) = postSolution
		{93483482-BC27-36CB-B504-485A59018D23}.Debug|Any CPU.ActiveCfg = Debug|Any CPU
		{93483482-BC27-36CB-B504-485A59018D23}.Debug|Any CPU.Build.0 = Debug|Any CPU
		{93483482-BC27-36CB-B504-485A59018D23}.Release|Any CPU.ActiveCfg = Release|Any CPU
		{93483482-BC27-36CB-B504-485A59018D23}.Release|Any CPU.Build.0 = Release|Any CPU
		{1655053C-0541-8AD6-0FD2-69A7B3AB4EF2}.Debug|Any CPU.ActiveCfg = Debug|Any CPU
		{1655053C-0541-8AD6-0FD2-69A7B3AB4EF2}.Debug|Any CPU.Build.0 = Debug|Any CPU
		{1655053C-0541-8AD6-0FD2-69A7B3AB4EF2}.Release|Any CPU.ActiveCfg = Release|Any CPU
		{1655053C-0541-8AD6-0FD2-69A7B3AB4EF2}.Release|Any CPU.Build.0 = Release|Any CPU
	EndGlobalSection
	GlobalSection(SolutionProperties) = preSolution
		HideSolutionNode = FALSE
	EndGlobalSection
	GlobalSection(NestedProjects) = preSolution
		{69812D90-455D-452F-BC31-51ACA8628913} = {02EA681E-C7D8-13C7-8484-4AC65E1B71E8}
		{6A29F7AD-26F0-441D-B379-D42079F35340} = {69812D90-455D-452F-BC31-51ACA8628913}
		{2DC241D2-5271-4DA3-AEC7-074ED52CD37A} = {69812D90-455D-452F-BC31-51ACA8628913}
	EndGlobalSection
	GlobalSection(ExtensibilityGlobals) = postSolution
		SolutionGuid = {BA9D0660-1BAB-4BCF-AF9D-F7D7187A810B}
	EndGlobalSection
EndGlobal
